
Microsoft Visual Studio Solution File, Format Version 12.00
# Visual Studio Version 17
VisualStudioVersion = 17.0.31903.59
MinimumVisualStudioVersion = 10.0.40219.1
Project("{FAE04EC0-301F-11D3-BF4B-00C04F79EFBC}") = "API", "API\API.csproj", "{CAA5D4F6-380A-4637-B7F4-989480DCA2A0}"
EndProject
Project("{FAE04EC0-301F-11D3-BF4B-00C04F79EFBC}") = "Application", "Application\Application.csproj", "{343F3919-4AB1-4A32-A21A-9E0C32B0CB6B}"
EndProject
Project("{FAE04EC0-301F-11D3-BF4B-00C04F79EFBC}") = "Domain", "Domain\Domain.csproj", "{75AEE54E-F1B6-4A5B-8562-97A0BC3455CC}"
EndProject
Project("{FAE04EC0-301F-11D3-BF4B-00C04F79EFBC}") = "Persistence", "Persistence\Persistence.csproj", "{B036C1B0-19FC-401A-ACC9-EC4D882B11F8}"
EndProject
Global
	GlobalSection(SolutionConfigurationPlatforms) = preSolution
		Debug|Any CPU = Debug|Any CPU
		Release|Any CPU = Release|Any CPU
	EndGlobalSection
	GlobalSection(SolutionProperties) = preSolution
		HideSolutionNode = FALSE
	EndGlobalSection
	GlobalSection(ProjectConfigurationPlatforms) = postSolution
		{CAA5D4F6-380A-4637-B7F4-989480DCA2A0}.Debug|Any CPU.ActiveCfg = Debug|Any CPU
		{CAA5D4F6-380A-4637-B7F4-989480DCA2A0}.Debug|Any CPU.Build.0 = Debug|Any CPU
		{CAA5D4F6-380A-4637-B7F4-989480DCA2A0}.Release|Any CPU.ActiveCfg = Release|Any CPU
		{CAA5D4F6-380A-4637-B7F4-989480DCA2A0}.Release|Any CPU.Build.0 = Release|Any CPU
		{343F3919-4AB1-4A32-A21A-9E0C32B0CB6B}.Debug|Any CPU.ActiveCfg = Debug|Any CPU
		{343F3919-4AB1-4A32-A21A-9E0C32B0CB6B}.Debug|Any CPU.Build.0 = Debug|Any CPU
		{343F3919-4AB1-4A32-A21A-9E0C32B0CB6B}.Release|Any CPU.ActiveCfg = Release|Any CPU
		{343F3919-4AB1-4A32-A21A-9E0C32B0CB6B}.Release|Any CPU.Build.0 = Release|Any CPU
		{75AEE54E-F1B6-4A5B-8562-97A0BC3455CC}.Debug|Any CPU.ActiveCfg = Debug|Any CPU
		{75AEE54E-F1B6-4A5B-8562-97A0BC3455CC}.Debug|Any CPU.Build.0 = Debug|Any CPU
		{75AEE54E-F1B6-4A5B-8562-97A0BC3455CC}.Release|Any CPU.ActiveCfg = Release|Any CPU
		{75AEE54E-F1B6-4A5B-8562-97A0BC3455CC}.Release|Any CPU.Build.0 = Release|Any CPU
		{B036C1B0-19FC-401A-ACC9-EC4D882B11F8}.Debug|Any CPU.ActiveCfg = Debug|Any CPU
		{B036C1B0-19FC-401A-ACC9-EC4D882B11F8}.Debug|Any CPU.Build.0 = Debug|Any CPU
		{B036C1B0-19FC-401A-ACC9-EC4D882B11F8}.Release|Any CPU.ActiveCfg = Release|Any CPU
		{B036C1B0-19FC-401A-ACC9-EC4D882B11F8}.Release|Any CPU.Build.0 = Release|Any CPU
	EndGlobalSection
EndGlobal
